
Microsoft Visual Studio Solution File, Format Version 12.00
# Visual Studio Version 17
VisualStudioVersion = 17.8.34330.188
MinimumVisualStudioVersion = 10.0.40219.1
Project("{9A19103F-16F7-4668-BE54-9A1E7A4F7556}") = "Catalog.API", "Services\Catalog\Catalog.API\Catalog.API.csproj", "{3274FE8C-EECB-4790-8961-B1A879B8A090}"
EndProject
Project("{2150E333-8FDC-42A3-9474-1A3956D46DE8}") = "src", "src", "{3D23D57F-AE06-4AB0-B57C-3234CF36A295}"
EndProject
Project("{2150E333-8FDC-42A3-9474-1A3956D46DE8}") = "Services", "Services", "{804C2EBD-553D-4A87-9A90-A50285FA6B53}"
EndProject
Project("{E53339B2-1760-4266-BCC7-CA923CBCF16C}") = "docker-compose", "docker-compose.dcproj", "{14235C03-FFBE-487B-9A1E-579FEA97FC85}"
EndProject
Project("{2150E333-8FDC-42A3-9474-1A3956D46DE8}") = "Catalog", "Catalog", "{B436FA31-86BA-462C-91AC-D4EA1DE9ED79}"
EndProject
Project("{2150E333-8FDC-42A3-9474-1A3956D46DE8}") = "Basket", "Basket", "{7315191E-6035-454C-B65A-4D46304C17E7}"
EndProject
Project("{9A19103F-16F7-4668-BE54-9A1E7A4F7556}") = "Basket.API", "services\Basket\Basket.API\Basket.API.csproj", "{CEDC8B00-C41E-47FE-8F65-AC3602B6A6CE}"
EndProject
Project("{2150E333-8FDC-42A3-9474-1A3956D46DE8}") = "Discount", "Discount", "{D09DFB9B-088E-4F1E-B8E9-43C9788F647F}"
EndProject
Project("{9A19103F-16F7-4668-BE54-9A1E7A4F7556}") = "Discount.API", "services\Discount\Discount.API\Discount.API.csproj", "{B72E0D1A-D238-4CDE-A4B8-89CFF0E27E57}"
EndProject
Project("{9A19103F-16F7-4668-BE54-9A1E7A4F7556}") = "Discount.Grpc", "Services\Discount\Discount.Grpc\Discount.Grpc.csproj", "{56FF01B2-94C1-40AE-AD64-9C7F3B55E600}"
EndProject
Project("{2150E333-8FDC-42A3-9474-1A3956D46DE8}") = "SolutionItems", "SolutionItems", "{86B415B6-FA5D-42F4-8750-5DEC5BCF3135}"
	ProjectSection(SolutionItems) = preProject
		ports.txt = ports.txt
	EndProjectSection
EndProject
Project("{2150E333-8FDC-42A3-9474-1A3956D46DE8}") = "Ordering", "Ordering", "{20301113-930C-4D89-8F89-C2B7782CFB71}"
EndProject
Project("{2150E333-8FDC-42A3-9474-1A3956D46DE8}") = "Core", "Core", "{1EBD1E65-9213-4713-A625-580142D37934}"
EndProject
Project("{9A19103F-16F7-4668-BE54-9A1E7A4F7556}") = "Ordering.Application", "Services\Ordering\Core\Ordering.Application\Ordering.Application.csproj", "{EB084725-E928-4496-B0AB-833F55466386}"
EndProject
Project("{9A19103F-16F7-4668-BE54-9A1E7A4F7556}") = "Ordering.Domain", "Services\Ordering\Core\Ordering.Domain\Ordering.Domain.csproj", "{2C6D8844-C205-4E7A-8943-8137235D07BC}"
EndProject
Project("{9A19103F-16F7-4668-BE54-9A1E7A4F7556}") = "Ordering.API", "Services\Ordering\Ordering.API\Ordering.API.csproj", "{257D182F-6CC5-4507-832E-A1BF4A1BCC56}"
EndProject
Project("{9A19103F-16F7-4668-BE54-9A1E7A4F7556}") = "Ordering.Infrastructure", "Services\Ordering\Ordering.Infrastructure\Ordering.Infrastructure.csproj", "{9B296F46-12A9-4186-9D8E-4C70E50343CE}"
EndProject
Project("{2150E333-8FDC-42A3-9474-1A3956D46DE8}") = "BuildingBlocks", "BuildingBlocks", "{87F47A75-614B-4001-9D92-CB61A4627C21}"
EndProject
Project("{9A19103F-16F7-4668-BE54-9A1E7A4F7556}") = "EventBus.Message", "BuildingBlocks\EventBus.Message\EventBus.Message.csproj", "{E10E265A-88A9-4B04-AAB6-94972B7F4715}"
EndProject
Project("{2150E333-8FDC-42A3-9474-1A3956D46DE8}") = "ApiGateways", "ApiGateways", "{ABE996C9-C12B-45BE-B316-6DADFC486EEF}"
EndProject
Project("{9A19103F-16F7-4668-BE54-9A1E7A4F7556}") = "OrderApiGw", "ApiGateways\OrderApiGw\OrderApiGw.csproj", "{BE044D77-62BF-4AB6-BDF0-1F7DCE91AD38}"
EndProject
Project("{FAE04EC0-301F-11D3-BF4B-00C04F79EFBC}") = "Shopping.Aggregator", "ApiGateways\Shopping.Aggregator\Shopping.Aggregator.csproj", "{85D530DD-C002-4EA1-80A0-FDA6396456A1}"
EndProject
Global
	GlobalSection(SolutionConfigurationPlatforms) = preSolution
		Debug|Any CPU = Debug|Any CPU
		Release|Any CPU = Release|Any CPU
	EndGlobalSection
	GlobalSection(ProjectConfigurationPlatforms) = postSolution
		{3274FE8C-EECB-4790-8961-B1A879B8A090}.Debug|Any CPU.ActiveCfg = Debug|Any CPU
		{3274FE8C-EECB-4790-8961-B1A879B8A090}.Debug|Any CPU.Build.0 = Debug|Any CPU
		{3274FE8C-EECB-4790-8961-B1A879B8A090}.Release|Any CPU.ActiveCfg = Release|Any CPU
		{3274FE8C-EECB-4790-8961-B1A879B8A090}.Release|Any CPU.Build.0 = Release|Any CPU
		{14235C03-FFBE-487B-9A1E-579FEA97FC85}.Debug|Any CPU.ActiveCfg = Debug|Any CPU
		{14235C03-FFBE-487B-9A1E-579FEA97FC85}.Debug|Any CPU.Build.0 = Debug|Any CPU
		{14235C03-FFBE-487B-9A1E-579FEA97FC85}.Release|Any CPU.ActiveCfg = Release|Any CPU
		{14235C03-FFBE-487B-9A1E-579FEA97FC85}.Release|Any CPU.Build.0 = Release|Any CPU
		{CEDC8B00-C41E-47FE-8F65-AC3602B6A6CE}.Debug|Any CPU.ActiveCfg = Debug|Any CPU
		{CEDC8B00-C41E-47FE-8F65-AC3602B6A6CE}.Debug|Any CPU.Build.0 = Debug|Any CPU
		{CEDC8B00-C41E-47FE-8F65-AC3602B6A6CE}.Release|Any CPU.ActiveCfg = Release|Any CPU
		{CEDC8B00-C41E-47FE-8F65-AC3602B6A6CE}.Release|Any CPU.Build.0 = Release|Any CPU
		{B72E0D1A-D238-4CDE-A4B8-89CFF0E27E57}.Debug|Any CPU.ActiveCfg = Debug|Any CPU
		{B72E0D1A-D238-4CDE-A4B8-89CFF0E27E57}.Debug|Any CPU.Build.0 = Debug|Any CPU
		{B72E0D1A-D238-4CDE-A4B8-89CFF0E27E57}.Release|Any CPU.ActiveCfg = Release|Any CPU
		{B72E0D1A-D238-4CDE-A4B8-89CFF0E27E57}.Release|Any CPU.Build.0 = Release|Any CPU
		{56FF01B2-94C1-40AE-AD64-9C7F3B55E600}.Debug|Any CPU.ActiveCfg = Debug|Any CPU
		{56FF01B2-94C1-40AE-AD64-9C7F3B55E600}.Debug|Any CPU.Build.0 = Debug|Any CPU
		{56FF01B2-94C1-40AE-AD64-9C7F3B55E600}.Release|Any CPU.ActiveCfg = Release|Any CPU
		{56FF01B2-94C1-40AE-AD64-9C7F3B55E600}.Release|Any CPU.Build.0 = Release|Any CPU
		{EB084725-E928-4496-B0AB-833F55466386}.Debug|Any CPU.ActiveCfg = Debug|Any CPU
		{EB084725-E928-4496-B0AB-833F55466386}.Debug|Any CPU.Build.0 = Debug|Any CPU
		{EB084725-E928-4496-B0AB-833F55466386}.Release|Any CPU.ActiveCfg = Release|Any CPU
		{EB084725-E928-4496-B0AB-833F55466386}.Release|Any CPU.Build.0 = Release|Any CPU
		{2C6D8844-C205-4E7A-8943-8137235D07BC}.Debug|Any CPU.ActiveCfg = Debug|Any CPU
		{2C6D8844-C205-4E7A-8943-8137235D07BC}.Debug|Any CPU.Build.0 = Debug|Any CPU
		{2C6D8844-C205-4E7A-8943-8137235D07BC}.Release|Any CPU.ActiveCfg = Release|Any CPU
		{2C6D8844-C205-4E7A-8943-8137235D07BC}.Release|Any CPU.Build.0 = Release|Any CPU
		{257D182F-6CC5-4507-832E-A1BF4A1BCC56}.Debug|Any CPU.ActiveCfg = Debug|Any CPU
		{257D182F-6CC5-4507-832E-A1BF4A1BCC56}.Debug|Any CPU.Build.0 = Debug|Any CPU
		{257D182F-6CC5-4507-832E-A1BF4A1BCC56}.Release|Any CPU.ActiveCfg = Release|Any CPU
		{257D182F-6CC5-4507-832E-A1BF4A1BCC56}.Release|Any CPU.Build.0 = Release|Any CPU
		{9B296F46-12A9-4186-9D8E-4C70E50343CE}.Debug|Any CPU.ActiveCfg = Debug|Any CPU
		{9B296F46-12A9-4186-9D8E-4C70E50343CE}.Debug|Any CPU.Build.0 = Debug|Any CPU
		{9B296F46-12A9-4186-9D8E-4C70E50343CE}.Release|Any CPU.ActiveCfg = Release|Any CPU
		{9B296F46-12A9-4186-9D8E-4C70E50343CE}.Release|Any CPU.Build.0 = Release|Any CPU
		{E10E265A-88A9-4B04-AAB6-94972B7F4715}.Debug|Any CPU.ActiveCfg = Debug|Any CPU
		{E10E265A-88A9-4B04-AAB6-94972B7F4715}.Debug|Any CPU.Build.0 = Debug|Any CPU
		{E10E265A-88A9-4B04-AAB6-94972B7F4715}.Release|Any CPU.ActiveCfg = Release|Any CPU
		{E10E265A-88A9-4B04-AAB6-94972B7F4715}.Release|Any CPU.Build.0 = Release|Any CPU
		{BE044D77-62BF-4AB6-BDF0-1F7DCE91AD38}.Debug|Any CPU.ActiveCfg = Debug|Any CPU
		{BE044D77-62BF-4AB6-BDF0-1F7DCE91AD38}.Debug|Any CPU.Build.0 = Debug|Any CPU
		{BE044D77-62BF-4AB6-BDF0-1F7DCE91AD38}.Release|Any CPU.ActiveCfg = Release|Any CPU
		{BE044D77-62BF-4AB6-BDF0-1F7DCE91AD38}.Release|Any CPU.Build.0 = Release|Any CPU
		{85D530DD-C002-4EA1-80A0-FDA6396456A1}.Debug|Any CPU.ActiveCfg = Debug|Any CPU
		{85D530DD-C002-4EA1-80A0-FDA6396456A1}.Debug|Any CPU.Build.0 = Debug|Any CPU
		{85D530DD-C002-4EA1-80A0-FDA6396456A1}.Release|Any CPU.ActiveCfg = Release|Any CPU
		{85D530DD-C002-4EA1-80A0-FDA6396456A1}.Release|Any CPU.Build.0 = Release|Any CPU
	EndGlobalSection
	GlobalSection(SolutionProperties) = preSolution
		HideSolutionNode = FALSE
	EndGlobalSection
	GlobalSection(NestedProjects) = preSolution
		{3274FE8C-EECB-4790-8961-B1A879B8A090} = {B436FA31-86BA-462C-91AC-D4EA1DE9ED79}
		{804C2EBD-553D-4A87-9A90-A50285FA6B53} = {3D23D57F-AE06-4AB0-B57C-3234CF36A295}
		{B436FA31-86BA-462C-91AC-D4EA1DE9ED79} = {804C2EBD-553D-4A87-9A90-A50285FA6B53}
		{7315191E-6035-454C-B65A-4D46304C17E7} = {804C2EBD-553D-4A87-9A90-A50285FA6B53}
		{CEDC8B00-C41E-47FE-8F65-AC3602B6A6CE} = {7315191E-6035-454C-B65A-4D46304C17E7}
		{D09DFB9B-088E-4F1E-B8E9-43C9788F647F} = {804C2EBD-553D-4A87-9A90-A50285FA6B53}
		{B72E0D1A-D238-4CDE-A4B8-89CFF0E27E57} = {D09DFB9B-088E-4F1E-B8E9-43C9788F647F}
		{56FF01B2-94C1-40AE-AD64-9C7F3B55E600} = {D09DFB9B-088E-4F1E-B8E9-43C9788F647F}
		{20301113-930C-4D89-8F89-C2B7782CFB71} = {804C2EBD-553D-4A87-9A90-A50285FA6B53}
		{1EBD1E65-9213-4713-A625-580142D37934} = {20301113-930C-4D89-8F89-C2B7782CFB71}
		{EB084725-E928-4496-B0AB-833F55466386} = {1EBD1E65-9213-4713-A625-580142D37934}
		{2C6D8844-C205-4E7A-8943-8137235D07BC} = {1EBD1E65-9213-4713-A625-580142D37934}
		{257D182F-6CC5-4507-832E-A1BF4A1BCC56} = {20301113-930C-4D89-8F89-C2B7782CFB71}
		{9B296F46-12A9-4186-9D8E-4C70E50343CE} = {20301113-930C-4D89-8F89-C2B7782CFB71}
		{E10E265A-88A9-4B04-AAB6-94972B7F4715} = {87F47A75-614B-4001-9D92-CB61A4627C21}
		{BE044D77-62BF-4AB6-BDF0-1F7DCE91AD38} = {ABE996C9-C12B-45BE-B316-6DADFC486EEF}
		{85D530DD-C002-4EA1-80A0-FDA6396456A1} = {ABE996C9-C12B-45BE-B316-6DADFC486EEF}
	EndGlobalSection
	GlobalSection(ExtensibilityGlobals) = postSolution
		SolutionGuid = {7E7ADBF0-C703-432F-8294-6BA60D723809}
	EndGlobalSection
EndGlobal
