
Microsoft Visual Studio Solution File, Format Version 12.00
# Visual Studio Version 17
VisualStudioVersion = 17.8.34330.188
MinimumVisualStudioVersion = 10.0.40219.1
Project("{9A19103F-16F7-4668-BE54-9A1E7A4F7556}") = "Catalog.API", "Services\Catalog\Catalog.API\Catalog.API.csproj", "{3274FE8C-EECB-4790-8961-B1A879B8A090}"
EndProject
Project("{2150E333-8FDC-42A3-9474-1A3956D46DE8}") = "src", "src", "{3D23D57F-AE06-4AB0-B57C-3234CF36A295}"
EndProject
Project("{2150E333-8FDC-42A3-9474-1A3956D46DE8}") = "Services", "Services", "{804C2EBD-553D-4A87-9A90-A50285FA6B53}"
EndProject
Project("{E53339B2-1760-4266-BCC7-CA923CBCF16C}") = "docker-compose", "docker-compose.dcproj", "{14235C03-FFBE-487B-9A1E-579FEA97FC85}"
EndProject
Project("{2150E333-8FDC-42A3-9474-1A3956D46DE8}") = "Catalog", "Catalog", "{B436FA31-86BA-462C-91AC-D4EA1DE9ED79}"
EndProject
Project("{2150E333-8FDC-42A3-9474-1A3956D46DE8}") = "Basket", "Basket", "{7315191E-6035-454C-B65A-4D46304C17E7}"
EndProject
Project("{FAE04EC0-301F-11D3-BF4B-00C04F79EFBC}") = "Basket.API", "services\Basket\Basket.API\Basket.API.csproj", "{CEDC8B00-C41E-47FE-8F65-AC3602B6A6CE}"
EndProject
Global
	GlobalSection(SolutionConfigurationPlatforms) = preSolution
		Debug|Any CPU = Debug|Any CPU
		Release|Any CPU = Release|Any CPU
	EndGlobalSection
	GlobalSection(ProjectConfigurationPlatforms) = postSolution
		{3274FE8C-EECB-4790-8961-B1A879B8A090}.Debug|Any CPU.ActiveCfg = Debug|Any CPU
		{3274FE8C-EECB-4790-8961-B1A879B8A090}.Debug|Any CPU.Build.0 = Debug|Any CPU
		{3274FE8C-EECB-4790-8961-B1A879B8A090}.Release|Any CPU.ActiveCfg = Release|Any CPU
		{3274FE8C-EECB-4790-8961-B1A879B8A090}.Release|Any CPU.Build.0 = Release|Any CPU
		{14235C03-FFBE-487B-9A1E-579FEA97FC85}.Debug|Any CPU.ActiveCfg = Debug|Any CPU
		{14235C03-FFBE-487B-9A1E-579FEA97FC85}.Debug|Any CPU.Build.0 = Debug|Any CPU
		{14235C03-FFBE-487B-9A1E-579FEA97FC85}.Release|Any CPU.ActiveCfg = Release|Any CPU
		{14235C03-FFBE-487B-9A1E-579FEA97FC85}.Release|Any CPU.Build.0 = Release|Any CPU
		{CEDC8B00-C41E-47FE-8F65-AC3602B6A6CE}.Debug|Any CPU.ActiveCfg = Debug|Any CPU
		{CEDC8B00-C41E-47FE-8F65-AC3602B6A6CE}.Debug|Any CPU.Build.0 = Debug|Any CPU
		{CEDC8B00-C41E-47FE-8F65-AC3602B6A6CE}.Release|Any CPU.ActiveCfg = Release|Any CPU
		{CEDC8B00-C41E-47FE-8F65-AC3602B6A6CE}.Release|Any CPU.Build.0 = Release|Any CPU
	EndGlobalSection
	GlobalSection(SolutionProperties) = preSolution
		HideSolutionNode = FALSE
	EndGlobalSection
	GlobalSection(NestedProjects) = preSolution
		{3274FE8C-EECB-4790-8961-B1A879B8A090} = {B436FA31-86BA-462C-91AC-D4EA1DE9ED79}
		{804C2EBD-553D-4A87-9A90-A50285FA6B53} = {3D23D57F-AE06-4AB0-B57C-3234CF36A295}
		{B436FA31-86BA-462C-91AC-D4EA1DE9ED79} = {804C2EBD-553D-4A87-9A90-A50285FA6B53}
		{7315191E-6035-454C-B65A-4D46304C17E7} = {804C2EBD-553D-4A87-9A90-A50285FA6B53}
		{CEDC8B00-C41E-47FE-8F65-AC3602B6A6CE} = {7315191E-6035-454C-B65A-4D46304C17E7}
	EndGlobalSection
	GlobalSection(ExtensibilityGlobals) = postSolution
		SolutionGuid = {7E7ADBF0-C703-432F-8294-6BA60D723809}
	EndGlobalSection
EndGlobal
